Microsoft Visual Studio Solution File, Format Version 12.00
# Visual Studio Version 17
VisualStudioVersion = 17.0.31903.59
MinimumVisualStudioVersion = 10.0.40219.1
Project("{FAE04EC0-301F-11D3-BF4B-00C04F79EFBC}") = "TaskManagementAPI", "TaskManagementAPI\TaskManagementAPI.csproj", "{7A3D9F2C-5E4B-4A1C-9C2E-1B2D3E4F5A6B}"
EndProject
Global
	GlobalSection(SolutionConfigurationPlatforms) = preSolution
		Debug|Any CPU = Debug|Any CPU
		Release|Any CPU = Release|Any CPU
	EndGlobalSection
	GlobalSection(ProjectConfigurationPlatforms) = postSolution
		{7A3D9F2C-5E4B-4A1C-9C2E-1B2D3E4F5A6B}.Debug|Any CPU.ActiveCfg = Debug|Any CPU
		{7A3D9F2C-5E4B-4A1C-9C2E-1B2D3E4F5A6B}.Debug|Any CPU.Build.0 = Debug|Any CPU
		{7A3D9F2C-5E4B-4A1C-9C2E-1B2D3E4F5A6B}.Release|Any CPU.ActiveCfg = Release|Any CPU
		{7A3D9F2C-5E4B-4A1C-9C2E-1B2D3E4F5A6B}.Release|Any CPU.Build.0 = Release|Any CPU
	EndGlobalSection
EndGlobal
